{
  "name": "com.dbrizov.naughtyattributes",
  "version": "2.1.4",
  "lockfileVersion": 3,
  "requires": true,
  "packages": {
    "": {
      "name": "com.dbrizov.naughtyattributes",
      "version": "2.1.4",
      "dependencies": {
        "com.dbrizov.naughtyattributes": "file:"
      }
    },
    "node_modules/com.dbrizov.naughtyattributes": {
      "resolved": "",
      "link": true
    }
  }
}
